
Microsoft Visual Studio Solution File, Format Version 12.00
# Visual Studio 15
VisualStudioVersion = 15.0.28307.168
MinimumVisualStudioVersion = 10.0.40219.1
Project("{FAE04EC0-301F-11D3-BF4B-00C04F79EFBC}") = "IRM.ReplaceSettingsTests", "src\IRM.ReplaceSettingsTests\IRM.ReplaceSettingsTests.csproj", "{B002FE81-86D9-4CF4-93C8-8D8399C75CF7}"
EndProject
Project("{FAE04EC0-301F-11D3-BF4B-00C04F79EFBC}") = "IRM.ReplaceSettings", "src\IRM.ReplaceSettings\IRM.ReplaceSettings.csproj", "{F7B439CB-398B-4F32-BD82-0F407432F3F7}"
EndProject
Global
	GlobalSection(SolutionConfigurationPlatforms) = preSolution
		Debug|Any CPU = Debug|Any CPU
		Release|Any CPU = Release|Any CPU
	EndGlobalSection
	GlobalSection(ProjectConfigurationPlatforms) = postSolution
		{B002FE81-86D9-4CF4-93C8-8D8399C75CF7}.Debug|Any CPU.ActiveCfg = Debug|Any CPU
		{B002FE81-86D9-4CF4-93C8-8D8399C75CF7}.Debug|Any CPU.Build.0 = Debug|Any CPU
		{B002FE81-86D9-4CF4-93C8-8D8399C75CF7}.Release|Any CPU.ActiveCfg = Release|Any CPU
		{B002FE81-86D9-4CF4-93C8-8D8399C75CF7}.Release|Any CPU.Build.0 = Release|Any CPU
		{F7B439CB-398B-4F32-BD82-0F407432F3F7}.Debug|Any CPU.ActiveCfg = Debug|Any CPU
		{F7B439CB-398B-4F32-BD82-0F407432F3F7}.Debug|Any CPU.Build.0 = Debug|Any CPU
		{F7B439CB-398B-4F32-BD82-0F407432F3F7}.Release|Any CPU.ActiveCfg = Release|Any CPU
		{F7B439CB-398B-4F32-BD82-0F407432F3F7}.Release|Any CPU.Build.0 = Release|Any CPU
	EndGlobalSection
	GlobalSection(SolutionProperties) = preSolution
		HideSolutionNode = FALSE
	EndGlobalSection
	GlobalSection(ExtensibilityGlobals) = postSolution
		SolutionGuid = {C799A99A-5DC1-4C0D-A65A-5745CE0C0C55}
	EndGlobalSection
EndGlobal
